
Microsoft Visual Studio Solution File, Format Version 12.00
# Visual Studio Version 17
VisualStudioVersion = 17.7.34031.279
MinimumVisualStudioVersion = 10.0.40219.1
Project("{FAE04EC0-301F-11D3-BF4B-00C04F79EFBC}") = "4Create", "4Create\4Create.csproj", "{7D61E96A-2E00-4382-BC77-9462C4A8FC97}"
EndProject
Project("{FAE04EC0-301F-11D3-BF4B-00C04F79EFBC}") = "4Create.Domain", "4Create.Domain\4Create.Domain.csproj", "{5B933E5E-8B12-4F16-8E55-0866B904D3F3}"
EndProject
Project("{FAE04EC0-301F-11D3-BF4B-00C04F79EFBC}") = "4Create.Infrastructure", "4Create.Infrastructure\4Create.Infrastructure.csproj", "{D5EC130A-EEA6-48F6-A393-56B9E3E23D1E}"
EndProject
Global
	GlobalSection(SolutionConfigurationPlatforms) = preSolution
		Debug|Any CPU = Debug|Any CPU
		Release|Any CPU = Release|Any CPU
	EndGlobalSection
	GlobalSection(ProjectConfigurationPlatforms) = postSolution
		{7D61E96A-2E00-4382-BC77-9462C4A8FC97}.Debug|Any CPU.ActiveCfg = Debug|Any CPU
		{7D61E96A-2E00-4382-BC77-9462C4A8FC97}.Debug|Any CPU.Build.0 = Debug|Any CPU
		{7D61E96A-2E00-4382-BC77-9462C4A8FC97}.Release|Any CPU.ActiveCfg = Release|Any CPU
		{7D61E96A-2E00-4382-BC77-9462C4A8FC97}.Release|Any CPU.Build.0 = Release|Any CPU
		{5B933E5E-8B12-4F16-8E55-0866B904D3F3}.Debug|Any CPU.ActiveCfg = Debug|Any CPU
		{5B933E5E-8B12-4F16-8E55-0866B904D3F3}.Debug|Any CPU.Build.0 = Debug|Any CPU
		{5B933E5E-8B12-4F16-8E55-0866B904D3F3}.Release|Any CPU.ActiveCfg = Release|Any CPU
		{5B933E5E-8B12-4F16-8E55-0866B904D3F3}.Release|Any CPU.Build.0 = Release|Any CPU
		{D5EC130A-EEA6-48F6-A393-56B9E3E23D1E}.Debug|Any CPU.ActiveCfg = Debug|Any CPU
		{D5EC130A-EEA6-48F6-A393-56B9E3E23D1E}.Debug|Any CPU.Build.0 = Debug|Any CPU
		{D5EC130A-EEA6-48F6-A393-56B9E3E23D1E}.Release|Any CPU.ActiveCfg = Release|Any CPU
		{D5EC130A-EEA6-48F6-A393-56B9E3E23D1E}.Release|Any CPU.Build.0 = Release|Any CPU
	EndGlobalSection
	GlobalSection(SolutionProperties) = preSolution
		HideSolutionNode = FALSE
	EndGlobalSection
	GlobalSection(ExtensibilityGlobals) = postSolution
		SolutionGuid = {CD36E073-63C0-4D10-B5AA-26FF8A2D9553}
	EndGlobalSection
EndGlobal
